// !$*UTF8*$!
{
	archiveVersion = 1;
	classes = {
	};
	objectVersion = 46;
	objects = {

/* Begin PBXBuildFile section */
		0923E1CD1B4C069A003B042F /* iCarousel.m in Sources */ = {isa = PBXBuildFile; fileRef = 0923E1CC1B4C069A003B042F /* iCarousel.m */; };
		099E65E81B4BD30300FC1440 /* AppDelegate.swift in Sources */ = {isa = PBXBuildFile; fileRef = 099E65E71B4BD30300FC1440 /* AppDelegate.swift */; };
		099E65EA1B4BD30300FC1440 /* ViewController.swift in Sources */ = {isa = PBXBuildFile; fileRef = 099E65E91B4BD30300FC1440 /* ViewController.swift */; };
		099E65ED1B4BD30300FC1440 /* Main.storyboard in Resources */ = {isa = PBXBuildFile; fileRef = 099E65EB1B4BD30300FC1440 /* Main.storyboard */; };
		099E65EF1B4BD30300FC1440 /* Images.xcassets in Resources */ = {isa = PBXBuildFile; fileRef = 099E65EE1B4BD30300FC1440 /* Images.xcassets */; };
		099E65F21B4BD30300FC1440 /* LaunchScreen.xib in Resources */ = {isa = PBXBuildFile; fileRef = 099E65F01B4BD30300FC1440 /* LaunchScreen.xib */; };
		099E65FE1B4BD30300FC1440 /* ScalePickerCarouselTests.swift in Sources */ = {isa = PBXBuildFile; fileRef = 099E65FD1B4BD30300FC1440 /* ScalePickerCarouselTests.swift */; };
		705DA549A580D673B20EF2FE /* Pods_ScalePickerCarousel.framework in Frameworks */ = {isa = PBXBuildFile; fileRef = CAE8DC8C551998D9412673D7 /* Pods_ScalePickerCarousel.framework */; };
		B90D5E2ABD2E8AE494E03077 /* Pods_ScalePickerCarouselTests.framework in Frameworks */ = {isa = PBXBuildFile; fileRef = 0DC3DCEE38EC0C261AEA22CF /* Pods_ScalePickerCarouselTests.framework */; };
/* End PBXBuildFile section */

/* Begin PBXContainerItemProxy section */
		099E65F81B4BD30300FC1440 /* PBXContainerItemProxy */ = {
			isa = PBXContainerItemProxy;
			containerPortal = 099E65DA1B4BD30300FC1440 /* Project object */;
			proxyType = 1;
			remoteGlobalIDString = 099E65E11B4BD30300FC1440;
			remoteInfo = ScalePickerCarousel;
		};
/* End PBXContainerItemProxy section */

/* Begin PBXFileReference section */
		0923E1CB1B4C069A003B042F /* iCarousel.h */ = {isa = PBXFileReference; fileEncoding = 4; lastKnownFileType = sourcecode.c.h; path = iCarousel.h; sourceTree = "<group>"; };
		0923E1CC1B4C069A003B042F /* iCarousel.m */ = {isa = PBXFileReference; fileEncoding = 4; lastKnownFileType = sourcecode.c.objc; path = iCarousel.m; sourceTree = "<group>"; };
		099E65E21B4BD30300FC1440 /* ScalePickerCarousel.app */ = {isa = PBXFileReference; explicitFileType = wrapper.application; includeInIndex = 0; path = ScalePickerCarousel.app; sourceTree = BUILT_PRODUCTS_DIR; };
		099E65E61B4BD30300FC1440 /* Info.plist */ = {isa = PBXFileReference; lastKnownFileType = text.plist.xml; path = Info.plist; sourceTree = "<group>"; };
		099E65E71B4BD30300FC1440 /* AppDelegate.swift */ = {isa = PBXFileReference; lastKnownFileType = sourcecode.swift; path = AppDelegate.swift; sourceTree = "<group>"; };
		099E65E91B4BD30300FC1440 /* ViewController.swift */ = {isa = PBXFileReference; lastKnownFileType = sourcecode.swift; path = ViewController.swift; sourceTree = "<group>"; };
		099E65EC1B4BD30300FC1440 /* Base */ = {isa = PBXFileReference; lastKnownFileType = file.storyboard; name = Base; path = Base.lproj/Main.storyboard; sourceTree = "<group>"; };
		099E65EE1B4BD30300FC1440 /* Images.xcassets */ = {isa = PBXFileReference; lastKnownFileType = folder.assetcatalog; path = Images.xcassets; sourceTree = "<group>"; };
		099E65F11B4BD30300FC1440 /* Base */ = {isa = PBXFileReference; lastKnownFileType = file.xib; name = Base; path = Base.lproj/LaunchScreen.xib; sourceTree = "<group>"; };
		099E65F71B4BD30300FC1440 /* ScalePickerCarouselTests.xctest */ = {isa = PBXFileReference; explicitFileType = wrapper.cfbundle; includeInIndex = 0; path = ScalePickerCarouselTests.xctest; sourceTree = BUILT_PRODUCTS_DIR; };
		099E65FC1B4BD30300FC1440 /* Info.plist */ = {isa = PBXFileReference; lastKnownFileType = text.plist.xml; path = Info.plist; sourceTree = "<group>"; };
		099E65FD1B4BD30300FC1440 /* ScalePickerCarouselTests.swift */ = {isa = PBXFileReference; lastKnownFileType = sourcecode.swift; path = ScalePickerCarouselTests.swift; sourceTree = "<group>"; };
		099E66071B4BD52900FC1440 /* ScalePickerCarousel-Bridging-Header.h */ = {isa = PBXFileReference; lastKnownFileType = sourcecode.c.h; path = "ScalePickerCarousel-Bridging-Header.h"; sourceTree = "<group>"; };
		0DC3DCEE38EC0C261AEA22CF /* Pods_ScalePickerCarouselTests.framework */ = {isa = PBXFileReference; explicitFileType = wrapper.framework; includeInIndex = 0; path = Pods_ScalePickerCarouselTests.framework; sourceTree = BUILT_PRODUCTS_DIR; };
		12C0F074FE87BA99BEB766FC /* Pods-ScalePickerCarouselTests.release.xcconfig */ = {isa = PBXFileReference; includeInIndex = 1; lastKnownFileType = text.xcconfig; name = "Pods-ScalePickerCarouselTests.release.xcconfig"; path = "Pods/Target Support Files/Pods-ScalePickerCarouselTests/Pods-ScalePickerCarouselTests.release.xcconfig"; sourceTree = "<group>"; };
		7D7ADEAA11A98F2BA430698A /* Pods-ScalePickerCarouselTests.debug.xcconfig */ = {isa = PBXFileReference; includeInIndex = 1; lastKnownFileType = text.xcconfig; name = "Pods-ScalePickerCarouselTests.debug.xcconfig"; path = "Pods/Target Support Files/Pods-ScalePickerCarouselTests/Pods-ScalePickerCarouselTests.debug.xcconfig"; sourceTree = "<group>"; };
		BC25AB78E39601C879915BB0 /* Pods-ScalePickerCarousel.debug.xcconfig */ = {isa = PBXFileReference; includeInIndex = 1; lastKnownFileType = text.xcconfig; name = "Pods-ScalePickerCarousel.debug.xcconfig"; path = "Pods/Target Support Files/Pods-ScalePickerCarousel/Pods-ScalePickerCarousel.debug.xcconfig"; sourceTree = "<group>"; };
		CAE8DC8C551998D9412673D7 /* Pods_ScalePickerCarousel.framework */ = {isa = PBXFileReference; explicitFileType = wrapper.framework; includeInIndex = 0; path = Pods_ScalePickerCarousel.framework; sourceTree = BUILT_PRODUCTS_DIR; };
		F5ED86DF12F27767CA46DF12 /* Pods-ScalePickerCarousel.release.xcconfig */ = {isa = PBXFileReference; includeInIndex = 1; lastKnownFileType = text.xcconfig; name = "Pods-ScalePickerCarousel.release.xcconfig"; path = "Pods/Target Support Files/Pods-ScalePickerCarousel/Pods-ScalePickerCarousel.release.xcconfig"; sourceTree = "<group>"; };
/* End PBXFileReference section */

/* Begin PBXFrameworksBuildPhase section */
		099E65DF1B4BD30300FC1440 /* Frameworks */ = {
			isa = PBXFrameworksBuildPhase;
			buildActionMask = 2147483647;
			files = (
				705DA549A580D673B20EF2FE /* Pods_ScalePickerCarousel.framework in Frameworks */,
			);
			runOnlyForDeploymentPostprocessing = 0;
		};
		099E65F41B4BD30300FC1440 /* Frameworks */ = {
			isa = PBXFrameworksBuildPhase;
			buildActionMask = 2147483647;
			files = (
				B90D5E2ABD2E8AE494E03077 /* Pods_ScalePickerCarouselTests.framework in Frameworks */,
			);
			runOnlyForDeploymentPostprocessing = 0;
		};
/* End PBXFrameworksBuildPhase section */

/* Begin PBXGroup section */
		0923E1CA1B4C0684003B042F /* iCarousel */ = {
			isa = PBXGroup;
			children = (
				0923E1CB1B4C069A003B042F /* iCarousel.h */,
				0923E1CC1B4C069A003B042F /* iCarousel.m */,
			);
			name = iCarousel;
			sourceTree = "<group>";
		};
		099E65D91B4BD30300FC1440 = {
			isa = PBXGroup;
			children = (
				099E65E41B4BD30300FC1440 /* ScalePickerCarousel */,
				099E65FA1B4BD30300FC1440 /* ScalePickerCarouselTests */,
				099E65E31B4BD30300FC1440 /* Products */,
				AC8A2611F3FDCB5C5DE0BD2A /* Pods */,
				49E5EB93F3A28C6E2D6DA4AF /* Frameworks */,
			);
			sourceTree = "<group>";
		};
		099E65E31B4BD30300FC1440 /* Products */ = {
			isa = PBXGroup;
			children = (
				099E65E21B4BD30300FC1440 /* ScalePickerCarousel.app */,
				099E65F71B4BD30300FC1440 /* ScalePickerCarouselTests.xctest */,
			);
			name = Products;
			sourceTree = "<group>";
		};
		099E65E41B4BD30300FC1440 /* ScalePickerCarousel */ = {
			isa = PBXGroup;
			children = (
				0923E1CA1B4C0684003B042F /* iCarousel */,
				099E65E71B4BD30300FC1440 /* AppDelegate.swift */,
				099E65E91B4BD30300FC1440 /* ViewController.swift */,
				099E65EB1B4BD30300FC1440 /* Main.storyboard */,
				099E65EE1B4BD30300FC1440 /* Images.xcassets */,
				099E65F01B4BD30300FC1440 /* LaunchScreen.xib */,
				099E65E51B4BD30300FC1440 /* Supporting Files */,
				099E66071B4BD52900FC1440 /* ScalePickerCarousel-Bridging-Header.h */,
			);
			path = ScalePickerCarousel;
			sourceTree = "<group>";
		};
		099E65E51B4BD30300FC1440 /* Supporting Files */ = {
			isa = PBXGroup;
			children = (
				099E65E61B4BD30300FC1440 /* Info.plist */,
			);
			name = "Supporting Files";
			sourceTree = "<group>";
		};
		099E65FA1B4BD30300FC1440 /* ScalePickerCarouselTests */ = {
			isa = PBXGroup;
			children = (
				099E65FD1B4BD30300FC1440 /* ScalePickerCarouselTests.swift */,
				099E65FB1B4BD30300FC1440 /* Supporting Files */,
			);
			path = ScalePickerCarouselTests;
			sourceTree = "<group>";
		};
		099E65FB1B4BD30300FC1440 /* Supporting Files */ = {
			isa = PBXGroup;
			children = (
				099E65FC1B4BD30300FC1440 /* Info.plist */,
			);
			name = "Supporting Files";
			sourceTree = "<group>";
		};
		49E5EB93F3A28C6E2D6DA4AF /* Frameworks */ = {
			isa = PBXGroup;
			children = (
				CAE8DC8C551998D9412673D7 /* Pods_ScalePickerCarousel.framework */,
				0DC3DCEE38EC0C261AEA22CF /* Pods_ScalePickerCarouselTests.framework */,
			);
			name = Frameworks;
			sourceTree = "<group>";
		};
		AC8A2611F3FDCB5C5DE0BD2A /* Pods */ = {
			isa = PBXGroup;
			children = (
				BC25AB78E39601C879915BB0 /* Pods-ScalePickerCarousel.debug.xcconfig */,
				F5ED86DF12F27767CA46DF12 /* Pods-ScalePickerCarousel.release.xcconfig */,
				7D7ADEAA11A98F2BA430698A /* Pods-ScalePickerCarouselTests.debug.xcconfig */,
				12C0F074FE87BA99BEB766FC /* Pods-ScalePickerCarouselTests.release.xcconfig */,
			);
			name = Pods;
			sourceTree = "<group>";
		};
/* End PBXGroup section */

/* Begin PBXNativeTarget section */
		099E65E11B4BD30300FC1440 /* ScalePickerCarousel */ = {
			isa = PBXNativeTarget;
			buildConfigurationList = 099E66011B4BD30300FC1440 /* Build configuration list for PBXNativeTarget "ScalePickerCarousel" */;
			buildPhases = (
				5FE4C2F966BBE278480D4D7A /* [CP] Check Pods Manifest.lock */,
				099E65DE1B4BD30300FC1440 /* Sources */,
				099E65DF1B4BD30300FC1440 /* Frameworks */,
				099E65E01B4BD30300FC1440 /* Resources */,
				DBC88717C13DD13A7698868E /* [CP] Embed Pods Frameworks */,
				0DBF76BAB097AD45DF22EC6B /* [CP] Copy Pods Resources */,
			);
			buildRules = (
			);
			dependencies = (
			);
			name = ScalePickerCarousel;
			productName = ScalePickerCarousel;
			productReference = 099E65E21B4BD30300FC1440 /* ScalePickerCarousel.app */;
			productType = "com.apple.product-type.application";
		};
		099E65F61B4BD30300FC1440 /* ScalePickerCarouselTests */ = {
			isa = PBXNativeTarget;
			buildConfigurationList = 099E66041B4BD30300FC1440 /* Build configuration list for PBXNativeTarget "ScalePickerCarouselTests" */;
			buildPhases = (
				1445E298F696EA0A99B80870 /* [CP] Check Pods Manifest.lock */,
				099E65F31B4BD30300FC1440 /* Sources */,
				099E65F41B4BD30300FC1440 /* Frameworks */,
				099E65F51B4BD30300FC1440 /* Resources */,
				F59C997066C09DF5C3BCA00E /* [CP] Embed Pods Frameworks */,
				3FCBEF84E15E5B806000BCBE /* [CP] Copy Pods Resources */,
			);
			buildRules = (
			);
			dependencies = (
				099E65F91B4BD30300FC1440 /* PBXTargetDependency */,
			);
			name = ScalePickerCarouselTests;
			productName = ScalePickerCarouselTests;
			productReference = 099E65F71B4BD30300FC1440 /* ScalePickerCarouselTests.xctest */;
			productType = "com.apple.product-type.bundle.unit-test";
		};
/* End PBXNativeTarget section */

/* Begin PBXProject section */
		099E65DA1B4BD30300FC1440 /* Project object */ = {
			isa = PBXProject;
			attributes = {
				LastUpgradeCheck = 0630;
				ORGANIZATIONNAME = Aks;
				TargetAttributes = {
					099E65E11B4BD30300FC1440 = {
						CreatedOnToolsVersion = 6.3.2;
						LastSwiftMigration = 0820;
					};
					099E65F61B4BD30300FC1440 = {
						CreatedOnToolsVersion = 6.3.2;
						LastSwiftMigration = 0820;
						TestTargetID = 099E65E11B4BD30300FC1440;
					};
				};
			};
			buildConfigurationList = 099E65DD1B4BD30300FC1440 /* Build configuration list for PBXProject "ScalePickerCarousel" */;
			compatibilityVersion = "Xcode 3.2";
			developmentRegion = English;
			hasScannedForEncodings = 0;
			knownRegions = (
				en,
				Base,
			);
			mainGroup = 099E65D91B4BD30300FC1440;
			productRefGroup = 099E65E31B4BD30300FC1440 /* Products */;
			projectDirPath = "";
			projectRoot = "";
			targets = (
				099E65E11B4BD30300FC1440 /* ScalePickerCarousel */,
				099E65F61B4BD30300FC1440 /* ScalePickerCarouselTests */,
			);
		};
/* End PBXProject section */

/* Begin PBXResourcesBuildPhase section */
		099E65E01B4BD30300FC1440 /* Resources */ = {
			isa = PBXResourcesBuildPhase;
			buildActionMask = 2147483647;
			files = (
				099E65ED1B4BD30300FC1440 /* Main.storyboard in Resources */,
				099E65F21B4BD30300FC1440 /* LaunchScreen.xib in Resources */,
				099E65EF1B4BD30300FC1440 /* Images.xcassets in Resources */,
			);
			runOnlyForDeploymentPostprocessing = 0;
		};
		099E65F51B4BD30300FC1440 /* Resources */ = {
			isa = PBXResourcesBuildPhase;
			buildActionMask = 2147483647;
			files = (
			);
			runOnlyForDeploymentPostprocessing = 0;
		};
/* End PBXResourcesBuildPhase section */

/* Begin PBXShellScriptBuildPhase section */
		0DBF76BAB097AD45DF22EC6B /* [CP] Copy Pods Resources */ = {
			isa = PBXShellScriptBuildPhase;
			buildActionMask = 2147483647;
			files = (
			);
			inputPaths = (
			);
			name = "[CP] Copy Pods Resources";
			outputPaths = (
			);
			runOnlyForDeploymentPostprocessing = 0;
			shellPath = /bin/sh;
			shellScript = "\"${SRCROOT}/Pods/Target Support Files/Pods-ScalePickerCarousel/Pods-ScalePickerCarousel-resources.sh\"\n";
			showEnvVarsInLog = 0;
		};
		1445E298F696EA0A99B80870 /* [CP] Check Pods Manifest.lock */ = {
			isa = PBXShellScriptBuildPhase;
			buildActionMask = 2147483647;
			files = (
			);
			inputPaths = (
			);
			name = "[CP] Check Pods Manifest.lock";
			outputPaths = (
			);
			runOnlyForDeploymentPostprocessing = 0;
			shellPath = /bin/sh;
			shellScript = "diff \"${PODS_ROOT}/../Podfile.lock\" \"${PODS_ROOT}/Manifest.lock\" > /dev/null\nif [ $? != 0 ] ; then\n    # print error to STDERR\n    echo \"error: The sandbox is not in sync with the Podfile.lock. Run 'pod install' or update your CocoaPods installation.\" >&2\n    exit 1\nfi\n";
			showEnvVarsInLog = 0;
		};
		3FCBEF84E15E5B806000BCBE /* [CP] Copy Pods Resources */ = {
			isa = PBXShellScriptBuildPhase;
			buildActionMask = 2147483647;
			files = (
			);
			inputPaths = (
			);
			name = "[CP] Copy Pods Resources";
			outputPaths = (
			);
			runOnlyForDeploymentPostprocessing = 0;
			shellPath = /bin/sh;
			shellScript = "\"${SRCROOT}/Pods/Target Support Files/Pods-ScalePickerCarouselTests/Pods-ScalePickerCarouselTests-resources.sh\"\n";
			showEnvVarsInLog = 0;
		};
		5FE4C2F966BBE278480D4D7A /* [CP] Check Pods Manifest.lock */ = {
			isa = PBXShellScriptBuildPhase;
			buildActionMask = 2147483647;
			files = (
			);
			inputPaths = (
			);
			name = "[CP] Check Pods Manifest.lock";
			outputPaths = (
			);
			runOnlyForDeploymentPostprocessing = 0;
			shellPath = /bin/sh;
			shellScript = "diff \"${PODS_ROOT}/../Podfile.lock\" \"${PODS_ROOT}/Manifest.lock\" > /dev/null\nif [ $? != 0 ] ; then\n    # print error to STDERR\n    echo \"error: The sandbox is not in sync with the Podfile.lock. Run 'pod install' or update your CocoaPods installation.\" >&2\n    exit 1\nfi\n";
			showEnvVarsInLog = 0;
		};
		DBC88717C13DD13A7698868E /* [CP] Embed Pods Frameworks */ = {
			isa = PBXShellScriptBuildPhase;
			buildActionMask = 2147483647;
			files = (
			);
			inputPaths = (
			);
			name = "[CP] Embed Pods Frameworks";
			outputPaths = (
			);
			runOnlyForDeploymentPostprocessing = 0;
			shellPath = /bin/sh;
			shellScript = "\"${SRCROOT}/Pods/Target Support Files/Pods-ScalePickerCarousel/Pods-ScalePickerCarousel-frameworks.sh\"\n";
			showEnvVarsInLog = 0;
		};
		F59C997066C09DF5C3BCA00E /* [CP] Embed Pods Frameworks */ = {
			isa = PBXShellScriptBuildPhase;
			buildActionMask = 2147483647;
			files = (
			);
			inputPaths = (
			);
			name = "[CP] Embed Pods Frameworks";
			outputPaths = (
			);
			runOnlyForDeploymentPostprocessing = 0;
			shellPath = /bin/sh;
			shellScript = "\"${SRCROOT}/Pods/Target Support Files/Pods-ScalePickerCarouselTests/Pods-ScalePickerCarouselTests-frameworks.sh\"\n";
			showEnvVarsInLog = 0;
		};
/* End PBXShellScriptBuildPhase section */

/* Begin PBXSourcesBuildPhase section */
		099E65DE1B4BD30300FC1440 /* Sources */ = {
			isa = PBXSourcesBuildPhase;
			buildActionMask = 2147483647;
			files = (
				0923E1CD1B4C069A003B042F /* iCarousel.m in Sources */,
				099E65EA1B4BD30300FC1440 /* ViewController.swift in Sources */,
				099E65E81B4BD30300FC1440 /* AppDelegate.swift in Sources */,
			);
			runOnlyForDeploymentPostprocessing = 0;
		};
		099E65F31B4BD30300FC1440 /* Sources */ = {
			isa = PBXSourcesBuildPhase;
			buildActionMask = 2147483647;
			files = (
				099E65FE1B4BD30300FC1440 /* ScalePickerCarouselTests.swift in Sources */,
			);
			runOnlyForDeploymentPostprocessing = 0;
		};
/* End PBXSourcesBuildPhase section */

/* Begin PBXTargetDependency section */
		099E65F91B4BD30300FC1440 /* PBXTargetDependency */ = {
			isa = PBXTargetDependency;
			target = 099E65E11B4BD30300FC1440 /* ScalePickerCarousel */;
			targetProxy = 099E65F81B4BD30300FC1440 /* PBXContainerItemProxy */;
		};
/* End PBXTargetDependency section */

/* Begin PBXVariantGroup section */
		099E65EB1B4BD30300FC1440 /* Main.storyboard */ = {
			isa = PBXVariantGroup;
			children = (
				099E65EC1B4BD30300FC1440 /* Base */,
			);
			name = Main.storyboard;
			sourceTree = "<group>";
		};
		099E65F01B4BD30300FC1440 /* LaunchScreen.xib */ = {
			isa = PBXVariantGroup;
			children = (
				099E65F11B4BD30300FC1440 /* Base */,
			);
			name = LaunchScreen.xib;
			sourceTree = "<group>";
		};
/* End PBXVariantGroup section */

/* Begin XCBuildConfiguration section */
		099E65FF1B4BD30300FC1440 /* Debug */ = {
			isa = XCBuildConfiguration;
			buildSettings = {
				ALWAYS_SEARCH_USER_PATHS = NO;
				CLANG_CXX_LANGUAGE_STANDARD = "gnu++0x";
				CLANG_CXX_LIBRARY = "libc++";
				CLANG_ENABLE_MODULES = YES;
				CLANG_ENABLE_OBJC_ARC = YES;
				CLANG_WARN_BOOL_CONVERSION = YES;
				CLANG_WARN_CONSTANT_CONVERSION = YES;
				CLANG_WARN_DIRECT_OBJC_ISA_USAGE = YES_ERROR;
				CLANG_WARN_EMPTY_BODY = YES;
				CLANG_WARN_ENUM_CONVERSION = YES;
				CLANG_WARN_INT_CONVERSION = YES;
				CLANG_WARN_OBJC_ROOT_CLASS = YES_ERROR;
				CLANG_WARN_UNREACHABLE_CODE = YES;
				CLANG_WARN__DUPLICATE_METHOD_MATCH = YES;
				"CODE_SIGN_IDENTITY[sdk=iphoneos*]" = "iPhone Developer";
				COPY_PHASE_STRIP = NO;
				DEBUG_INFORMATION_FORMAT = "dwarf-with-dsym";
				ENABLE_STRICT_OBJC_MSGSEND = YES;
				GCC_C_LANGUAGE_STANDARD = gnu99;
				GCC_DYNAMIC_NO_PIC = NO;
				GCC_NO_COMMON_BLOCKS = YES;
				GCC_OPTIMIZATION_LEVEL = 0;
				GCC_PREPROCESSOR_DEFINITIONS = (
					"DEBUG=1",
					"$(inherited)",
				);
				GCC_SYMBOLS_PRIVATE_EXTERN = NO;
				GCC_WARN_64_TO_32_BIT_CONVERSION = YES;
				GCC_WARN_ABOUT_RETURN_TYPE = YES_ERROR;
				GCC_WARN_UNDECLARED_SELECTOR = YES;
				GCC_WARN_UNINITIALIZED_AUTOS = YES_AGGRESSIVE;
				GCC_WARN_UNUSED_FUNCTION = YES;
				GCC_WARN_UNUSED_VARIABLE = YES;
				IPHONEOS_DEPLOYMENT_TARGET = 8.3;
				MTL_ENABLE_DEBUG_INFO = YES;
				ONLY_ACTIVE_ARCH = YES;
				SDKROOT = iphoneos;
				SWIFT_OPTIMIZATION_LEVEL = "-Onone";
			};
			name = Debug;
		};
		099E66001B4BD30300FC1440 /* Release */ = {
			isa = XCBuildConfiguration;
			buildSettings = {
				ALWAYS_SEARCH_USER_PATHS = NO;
				CLANG_CXX_LANGUAGE_STANDARD = "gnu++0x";
				CLANG_CXX_LIBRARY = "libc++";
				CLANG_ENABLE_MODULES = YES;
				CLANG_ENABLE_OBJC_ARC = YES;
				CLANG_WARN_BOOL_CONVERSION = YES;
				CLANG_WARN_CONSTANT_CONVERSION = YES;
				CLANG_WARN_DIRECT_OBJC_ISA_USAGE = YES_ERROR;
				CLANG_WARN_EMPTY_BODY = YES;
				CLANG_WARN_ENUM_CONVERSION = YES;
				CLANG_WARN_INT_CONVERSION = YES;
				CLANG_WARN_OBJC_ROOT_CLASS = YES_ERROR;
				CLANG_WARN_UNREACHABLE_CODE = YES;
				CLANG_WARN__DUPLICATE_METHOD_MATCH = YES;
				"CODE_SIGN_IDENTITY[sdk=iphoneos*]" = "iPhone Developer";
				COPY_PHASE_STRIP = NO;
				DEBUG_INFORMATION_FORMAT = "dwarf-with-dsym";
				ENABLE_NS_ASSERTIONS = NO;
				ENABLE_STRICT_OBJC_MSGSEND = YES;
				GCC_C_LANGUAGE_STANDARD = gnu99;
				GCC_NO_COMMON_BLOCKS = YES;
				GCC_WARN_64_TO_32_BIT_CONVERSION = YES;
				GCC_WARN_ABOUT_RETURN_TYPE = YES_ERROR;
				GCC_WARN_UNDECLARED_SELECTOR = YES;
				GCC_WARN_UNINITIALIZED_AUTOS = YES_AGGRESSIVE;
				GCC_WARN_UNUSED_FUNCTION = YES;
				GCC_WARN_UNUSED_VARIABLE = YES;
				IPHONEOS_DEPLOYMENT_TARGET = 8.3;
				MTL_ENABLE_DEBUG_INFO = NO;
				SDKROOT = iphoneos;
				VALIDATE_PRODUCT = YES;
			};
			name = Release;
		};
		099E66021B4BD30300FC1440 /* Debug */ = {
			isa = XCBuildConfiguration;
			baseConfigurationReference = BC25AB78E39601C879915BB0 /* Pods-ScalePickerCarousel.debug.xcconfig */;
			buildSettings = {
				ASSETCATALOG_COMPILER_APPICON_NAME = AppIcon;
				INFOPLIST_FILE = ScalePickerCarousel/Info.plist;
				LD_RUNPATH_SEARCH_PATHS = "$(inherited) @executable_path/Frameworks";
				PRODUCT_NAME = "$(TARGET_NAME)";
				SWIFT_OBJC_BRIDGING_HEADER = "ScalePickerCarousel/ScalePickerCarousel-Bridging-Header.h";
				SWIFT_VERSION = 3.0;
			};
			name = Debug;
		};
		099E66031B4BD30300FC1440 /* Release */ = {
			isa = XCBuildConfiguration;
			baseConfigurationReference = F5ED86DF12F27767CA46DF12 /* Pods-ScalePickerCarousel.release.xcconfig */;
			buildSettings = {
				ASSETCATALOG_COMPILER_APPICON_NAME = AppIcon;
				INFOPLIST_FILE = ScalePickerCarousel/Info.plist;
				LD_RUNPATH_SEARCH_PATHS = "$(inherited) @executable_path/Frameworks";
				PRODUCT_NAME = "$(TARGET_NAME)";
				SWIFT_OBJC_BRIDGING_HEADER = "ScalePickerCarousel/ScalePickerCarousel-Bridging-Header.h";
				SWIFT_VERSION = 3.0;
			};
			name = Release;
		};
		099E66051B4BD30300FC1440 /* Debug */ = {
			isa = XCBuildConfiguration;
			baseConfigurationReference = 7D7ADEAA11A98F2BA430698A /* Pods-ScalePickerCarouselTests.debug.xcconfig */;
			buildSettings = {
				BUNDLE_LOADER = "$(TEST_HOST)";
				FRAMEWORK_SEARCH_PATHS = (
					"$(SDKROOT)/Developer/Library/Frameworks",
					"$(inherited)",
				);
				GCC_PREPROCESSOR_DEFINITIONS = (
					"DEBUG=1",
					"$(inherited)",
				);
				INFOPLIST_FILE = ScalePickerCarouselTests/Info.plist;
				LD_RUNPATH_SEARCH_PATHS = "$(inherited) @executable_path/Frameworks @loader_path/Frameworks";
				PRODUCT_NAME = "$(TARGET_NAME)";
				SWIFT_VERSION = 3.0;
				TEST_HOST = "$(BUILT_PRODUCTS_DIR)/ScalePickerCarousel.app/ScalePickerCarousel";
			};
			name = Debug;
		};
		099E66061B4BD30300FC1440 /* Release */ = {
			isa = XCBuildConfiguration;
			baseConfigurationReference = 12C0F074FE87BA99BEB766FC /* Pods-ScalePickerCarouselTests.release.xcconfig */;
			buildSettings = {
				BUNDLE_LOADER = "$(TEST_HOST)";
				FRAMEWORK_SEARCH_PATHS = (
					"$(SDKROOT)/Developer/Library/Frameworks",
					"$(inherited)",
				);
				INFOPLIST_FILE = ScalePickerCarouselTests/Info.plist;
				LD_RUNPATH_SEARCH_PATHS = "$(inherited) @executable_path/Frameworks @loader_path/Frameworks";
				PRODUCT_NAME = "$(TARGET_NAME)";
				SWIFT_VERSION = 3.0;
				TEST_HOST = "$(BUILT_PRODUCTS_DIR)/ScalePickerCarousel.app/ScalePickerCarousel";
			};
			name = Release;
		};
/* End XCBuildConfiguration section */

/* Begin XCConfigurationList section */
		099E65DD1B4BD30300FC1440 /* Build configuration list for PBXProject "ScalePickerCarousel" */ = {
			isa = XCConfigurationList;
			buildConfigurations = (
				099E65FF1B4BD30300FC1440 /* Debug */,
				099E66001B4BD30300FC1440 /* Release */,
			);
			defaultConfigurationIsVisible = 0;
			defaultConfigurationName = Release;
		};
		099E66011B4BD30300FC1440 /* Build configuration list for PBXNativeTarget "ScalePickerCarousel" */ = {
			isa = XCConfigurationList;
			buildConfigurations = (
				099E66021B4BD30300FC1440 /* Debug */,
				099E66031B4BD30300FC1440 /* Release */,
			);
			defaultConfigurationIsVisible = 0;
			defaultConfigurationName = Release;
		};
		099E66041B4BD30300FC1440 /* Build configuration list for PBXNativeTarget "ScalePickerCarouselTests" */ = {
			isa = XCConfigurationList;
			buildConfigurations = (
				099E66051B4BD30300FC1440 /* Debug */,
				099E66061B4BD30300FC1440 /* Release */,
			);
			defaultConfigurationIsVisible = 0;
			defaultConfigurationName = Release;
		};
/* End XCConfigurationList section */
	};
	rootObject = 099E65DA1B4BD30300FC1440 /* Project object */;
}
